
Microsoft Visual Studio Solution File, Format Version 12.00
# Visual Studio Version 17
VisualStudioVersion = 17.0.31912.275
MinimumVisualStudioVersion = 10.0.40219.1
Project("{9A19103F-16F7-4668-BE54-9A1E7A4F7556}") = "NotificarApp", "NotificarApp\NotificarApp.csproj", "{54D8F1A9-6A63-4C3B-8A6D-2650E6A58B65}"
EndProject
Project("{9A19103F-16F7-4668-BE54-9A1E7A4F7556}") = "AnalisarDestinos", "AnalisarDestinos\AnalisarDestinos.csproj", "{1D407869-1619-4A1B-A8E8-FE4F8BCACB5F}"
EndProject
Project("{9A19103F-16F7-4668-BE54-9A1E7A4F7556}") = "NotificarPorEmails", "NotificarPorEmails\NotificarPorEmails.csproj", "{8A7CCB12-7ED0-4BB0-86FB-6A0497F99AE8}"
EndProject
Project("{2150E333-8FDC-42A3-9474-1A3956D46DE8}") = "Docker-Compose", "Docker-Compose", "{9D633256-8EF1-4AA2-BE24-857984246BD9}"
	ProjectSection(SolutionItems) = preProject
		..\..\..\..\Nuvem\Docker\StorageEmulator\docker-compose.yml = ..\..\..\..\Nuvem\Docker\StorageEmulator\docker-compose.yml
	EndProjectSection
EndProject
Global
	GlobalSection(SolutionConfigurationPlatforms) = preSolution
		Debug|Any CPU = Debug|Any CPU
		Release|Any CPU = Release|Any CPU
	EndGlobalSection
	GlobalSection(ProjectConfigurationPlatforms) = postSolution
		{54D8F1A9-6A63-4C3B-8A6D-2650E6A58B65}.Debug|Any CPU.ActiveCfg = Debug|Any CPU
		{54D8F1A9-6A63-4C3B-8A6D-2650E6A58B65}.Debug|Any CPU.Build.0 = Debug|Any CPU
		{54D8F1A9-6A63-4C3B-8A6D-2650E6A58B65}.Release|Any CPU.ActiveCfg = Release|Any CPU
		{54D8F1A9-6A63-4C3B-8A6D-2650E6A58B65}.Release|Any CPU.Build.0 = Release|Any CPU
		{1D407869-1619-4A1B-A8E8-FE4F8BCACB5F}.Debug|Any CPU.ActiveCfg = Debug|Any CPU
		{1D407869-1619-4A1B-A8E8-FE4F8BCACB5F}.Debug|Any CPU.Build.0 = Debug|Any CPU
		{1D407869-1619-4A1B-A8E8-FE4F8BCACB5F}.Release|Any CPU.ActiveCfg = Release|Any CPU
		{1D407869-1619-4A1B-A8E8-FE4F8BCACB5F}.Release|Any CPU.Build.0 = Release|Any CPU
		{8A7CCB12-7ED0-4BB0-86FB-6A0497F99AE8}.Debug|Any CPU.ActiveCfg = Debug|Any CPU
		{8A7CCB12-7ED0-4BB0-86FB-6A0497F99AE8}.Debug|Any CPU.Build.0 = Debug|Any CPU
		{8A7CCB12-7ED0-4BB0-86FB-6A0497F99AE8}.Release|Any CPU.ActiveCfg = Release|Any CPU
		{8A7CCB12-7ED0-4BB0-86FB-6A0497F99AE8}.Release|Any CPU.Build.0 = Release|Any CPU
	EndGlobalSection
	GlobalSection(SolutionProperties) = preSolution
		HideSolutionNode = FALSE
	EndGlobalSection
	GlobalSection(ExtensibilityGlobals) = postSolution
		SolutionGuid = {13D22830-CB50-4FA7-BEC7-93D5C2F365BE}
	EndGlobalSection
EndGlobal
